{
  "name": "server",
  "version": "1.0.0",
  "lockfileVersion": 1,
  "requires": true,
  "dependencies": {
    "googleplaces": {
      "version": "0.6.1",
      "resolved": "https://nexus.es.ecg.tools/repository/npm-all/googleplaces/-/googleplaces-0.6.1.tgz",
      "integrity": "sha1-ynui9CGBy2vAbUWPUe0mXQPpHnI="
    }
  }
}
